
Microsoft Visual Studio Solution File, Format Version 12.00
# Visual Studio 15
VisualStudioVersion = 15.0.28307.106
MinimumVisualStudioVersion = 10.0.40219.1
Project("{9A19103F-16F7-4668-BE54-9A1E7A4F7556}") = "Survey.Application", "Survey.Application\Survey.Application.csproj", "{23E68DC0-EB90-4506-9124-9D910B2D58C3}"
EndProject
Project("{9A19103F-16F7-4668-BE54-9A1E7A4F7556}") = "Survey.Common", "Survey.Common\Survey.Common.csproj", "{18F04ACB-64ED-43D0-A153-97C105B5AE02}"
EndProject
Project("{9A19103F-16F7-4668-BE54-9A1E7A4F7556}") = "Survey.Domain", "Survey.Domain\Survey.Domain.csproj", "{637573CB-1EC5-4925-9ED1-B7C701E31044}"
EndProject
Project("{9A19103F-16F7-4668-BE54-9A1E7A4F7556}") = "Survey.Infrastructure", "Survey.Infrastructure\Survey.Infrastructure.csproj", "{2349634E-5573-4429-AC40-732424FD52D4}"
EndProject
Project("{9A19103F-16F7-4668-BE54-9A1E7A4F7556}") = "Survey.Presistance", "Survey.Presistance\Survey.Presistance.csproj", "{A7300A99-AA1D-49E0-806C-788FC180FC7B}"
EndProject
Project("{FAE04EC0-301F-11D3-BF4B-00C04F79EFBC}") = "Survey.Web", "Survey.Web\Survey.Web.csproj", "{845A60A9-2F6A-492A-800F-797A46EC8F7B}"
EndProject
Global
	GlobalSection(SolutionConfigurationPlatforms) = preSolution
		Debug|Any CPU = Debug|Any CPU
		Release|Any CPU = Release|Any CPU
	EndGlobalSection
	GlobalSection(ProjectConfigurationPlatforms) = postSolution
		{23E68DC0-EB90-4506-9124-9D910B2D58C3}.Debug|Any CPU.ActiveCfg = Debug|Any CPU
		{23E68DC0-EB90-4506-9124-9D910B2D58C3}.Debug|Any CPU.Build.0 = Debug|Any CPU
		{23E68DC0-EB90-4506-9124-9D910B2D58C3}.Release|Any CPU.ActiveCfg = Release|Any CPU
		{23E68DC0-EB90-4506-9124-9D910B2D58C3}.Release|Any CPU.Build.0 = Release|Any CPU
		{18F04ACB-64ED-43D0-A153-97C105B5AE02}.Debug|Any CPU.ActiveCfg = Debug|Any CPU
		{18F04ACB-64ED-43D0-A153-97C105B5AE02}.Debug|Any CPU.Build.0 = Debug|Any CPU
		{18F04ACB-64ED-43D0-A153-97C105B5AE02}.Release|Any CPU.ActiveCfg = Release|Any CPU
		{18F04ACB-64ED-43D0-A153-97C105B5AE02}.Release|Any CPU.Build.0 = Release|Any CPU
		{637573CB-1EC5-4925-9ED1-B7C701E31044}.Debug|Any CPU.ActiveCfg = Debug|Any CPU
		{637573CB-1EC5-4925-9ED1-B7C701E31044}.Debug|Any CPU.Build.0 = Debug|Any CPU
		{637573CB-1EC5-4925-9ED1-B7C701E31044}.Release|Any CPU.ActiveCfg = Release|Any CPU
		{637573CB-1EC5-4925-9ED1-B7C701E31044}.Release|Any CPU.Build.0 = Release|Any CPU
		{2349634E-5573-4429-AC40-732424FD52D4}.Debug|Any CPU.ActiveCfg = Debug|Any CPU
		{2349634E-5573-4429-AC40-732424FD52D4}.Debug|Any CPU.Build.0 = Debug|Any CPU
		{2349634E-5573-4429-AC40-732424FD52D4}.Release|Any CPU.ActiveCfg = Release|Any CPU
		{2349634E-5573-4429-AC40-732424FD52D4}.Release|Any CPU.Build.0 = Release|Any CPU
		{A7300A99-AA1D-49E0-806C-788FC180FC7B}.Debug|Any CPU.ActiveCfg = Debug|Any CPU
		{A7300A99-AA1D-49E0-806C-788FC180FC7B}.Debug|Any CPU.Build.0 = Debug|Any CPU
		{A7300A99-AA1D-49E0-806C-788FC180FC7B}.Release|Any CPU.ActiveCfg = Release|Any CPU
		{A7300A99-AA1D-49E0-806C-788FC180FC7B}.Release|Any CPU.Build.0 = Release|Any CPU
		{845A60A9-2F6A-492A-800F-797A46EC8F7B}.Debug|Any CPU.ActiveCfg = Debug|Any CPU
		{845A60A9-2F6A-492A-800F-797A46EC8F7B}.Debug|Any CPU.Build.0 = Debug|Any CPU
		{845A60A9-2F6A-492A-800F-797A46EC8F7B}.Release|Any CPU.ActiveCfg = Release|Any CPU
		{845A60A9-2F6A-492A-800F-797A46EC8F7B}.Release|Any CPU.Build.0 = Release|Any CPU
	EndGlobalSection
	GlobalSection(SolutionProperties) = preSolution
		HideSolutionNode = FALSE
	EndGlobalSection
	GlobalSection(ExtensibilityGlobals) = postSolution
		SolutionGuid = {9116C149-2F84-4715-B1C0-56E45342321F}
	EndGlobalSection
EndGlobal
